
Microsoft Visual Studio Solution File, Format Version 12.00
# Visual Studio Version 17
VisualStudioVersion = 17.10.34928.147
MinimumVisualStudioVersion = 10.0.40219.1
Project("{FAE04EC0-301F-11D3-BF4B-00C04F79EFBC}") = "MadoHomuAPIv2", "MadoHomuAPIv2\MadoHomuAPIv2.csproj", "{539E2F48-0723-438D-AE4A-4E3B7172FCF1}"
EndProject
Global
	GlobalSection(SolutionConfigurationPlatforms) = preSolution
		Debug|Any CPU = Debug|Any CPU
		Release|Any CPU = Release|Any CPU
	EndGlobalSection
	GlobalSection(ProjectConfigurationPlatforms) = postSolution
		{539E2F48-0723-438D-AE4A-4E3B7172FCF1}.Debug|Any CPU.ActiveCfg = Debug|Any CPU
		{539E2F48-0723-438D-AE4A-4E3B7172FCF1}.Debug|Any CPU.Build.0 = Debug|Any CPU
		{539E2F48-0723-438D-AE4A-4E3B7172FCF1}.Release|Any CPU.ActiveCfg = Release|Any CPU
		{539E2F48-0723-438D-AE4A-4E3B7172FCF1}.Release|Any CPU.Build.0 = Release|Any CPU
	EndGlobalSection
	GlobalSection(SolutionProperties) = preSolution
		HideSolutionNode = FALSE
	EndGlobalSection
	GlobalSection(ExtensibilityGlobals) = postSolution
		SolutionGuid = {DF0DB57E-E039-41FF-A27F-2A3FDB288571}
	EndGlobalSection
EndGlobal
