
Microsoft Visual Studio Solution File, Format Version 12.00
# Visual Studio Version 17
VisualStudioVersion = 17.6.33801.468
MinimumVisualStudioVersion = 10.0.40219.1
Project("{FAE04EC0-301F-11D3-BF4B-00C04F79EFBC}") = "MadoHomuAPI", "MadoHomuAPI\MadoHomuAPI.csproj", "{4F4AC602-0585-4D7C-8FAF-878E2740AAF9}"
EndProject
Global
	GlobalSection(SolutionConfigurationPlatforms) = preSolution
		Debug|Any CPU = Debug|Any CPU
		Release|Any CPU = Release|Any CPU
	EndGlobalSection
	GlobalSection(ProjectConfigurationPlatforms) = postSolution
		{4F4AC602-0585-4D7C-8FAF-878E2740AAF9}.Debug|Any CPU.ActiveCfg = Debug|Any CPU
		{4F4AC602-0585-4D7C-8FAF-878E2740AAF9}.Debug|Any CPU.Build.0 = Debug|Any CPU
		{4F4AC602-0585-4D7C-8FAF-878E2740AAF9}.Release|Any CPU.ActiveCfg = Release|Any CPU
		{4F4AC602-0585-4D7C-8FAF-878E2740AAF9}.Release|Any CPU.Build.0 = Release|Any CPU
	EndGlobalSection
	GlobalSection(SolutionProperties) = preSolution
		HideSolutionNode = FALSE
	EndGlobalSection
	GlobalSection(ExtensibilityGlobals) = postSolution
		SolutionGuid = {4C0495F2-0DB2-4ED8-80A7-10BCD84D9B64}
	EndGlobalSection
EndGlobal
